// !$*UTF8*$!
{
	archiveVersion = 1;
	classes = {
	};
	objectVersion = 55;
	objects = {

/* Begin PBXBuildFile section */
		06257EB128F5827A00A2AB0F /* main.c in Sources */ = {isa = PBXBuildFile; fileRef = 06257EB028F5827A00A2AB0F /* main.c */; };
		06257EB928F582DF00A2AB0F /* films1.c in Sources */ = {isa = PBXBuildFile; fileRef = 06257EB828F582DF00A2AB0F /* films1.c */; };
		06257EBC28F583C300A2AB0F /* films2.c in Sources */ = {isa = PBXBuildFile; fileRef = 06257EBB28F583C300A2AB0F /* films2.c */; };
		06257EBF28F585EA00A2AB0F /* list.c in Sources */ = {isa = PBXBuildFile; fileRef = 06257EBE28F585EA00A2AB0F /* list.c */; };
		06257EC228F586B200A2AB0F /* films3.c in Sources */ = {isa = PBXBuildFile; fileRef = 06257EC128F586B200A2AB0F /* films3.c */; };
		06257EC828F5888500A2AB0F /* queue.c in Sources */ = {isa = PBXBuildFile; fileRef = 06257EC628F5888400A2AB0F /* queue.c */; };
		06257ECB28F5895C00A2AB0F /* use_q.c in Sources */ = {isa = PBXBuildFile; fileRef = 06257ECA28F5895C00A2AB0F /* use_q.c */; };
		06257ECE28F58A1C00A2AB0F /* mall.c in Sources */ = {isa = PBXBuildFile; fileRef = 06257ECD28F58A1B00A2AB0F /* mall.c */; };
		06257ED928F6943E00A2AB0F /* tree.c in Sources */ = {isa = PBXBuildFile; fileRef = 06257ED828F6943E00A2AB0F /* tree.c */; };
/* End PBXBuildFile section */

/* Begin PBXCopyFilesBuildPhase section */
		06257EAB28F5827A00A2AB0F /* CopyFiles */ = {
			isa = PBXCopyFilesBuildPhase;
			buildActionMask = 2147483647;
			dstPath = /usr/share/man/man1/;
			dstSubfolderSpec = 0;
			files = (
			);
			runOnlyForDeploymentPostprocessing = 1;
		};
/* End PBXCopyFilesBuildPhase section */

/* Begin PBXFileReference section */
		06257EAD28F5827A00A2AB0F /* Chapter17 */ = {isa = PBXFileReference; explicitFileType = "compiled.mach-o.executable"; includeInIndex = 0; path = Chapter17; sourceTree = BUILT_PRODUCTS_DIR; };
		06257EB028F5827A00A2AB0F /* main.c */ = {isa = PBXFileReference; lastKnownFileType = sourcecode.c.c; path = main.c; sourceTree = "<group>"; };
		06257EB728F582DF00A2AB0F /* films1.h */ = {isa = PBXFileReference; lastKnownFileType = sourcecode.c.h; path = films1.h; sourceTree = "<group>"; };
		06257EB828F582DF00A2AB0F /* films1.c */ = {isa = PBXFileReference; lastKnownFileType = sourcecode.c.c; path = films1.c; sourceTree = "<group>"; };
		06257EBA28F583C200A2AB0F /* films2.h */ = {isa = PBXFileReference; lastKnownFileType = sourcecode.c.h; path = films2.h; sourceTree = "<group>"; };
		06257EBB28F583C300A2AB0F /* films2.c */ = {isa = PBXFileReference; lastKnownFileType = sourcecode.c.c; path = films2.c; sourceTree = "<group>"; };
		06257EBD28F585EA00A2AB0F /* list.h */ = {isa = PBXFileReference; fileEncoding = 4; lastKnownFileType = sourcecode.c.h; path = list.h; sourceTree = "<group>"; };
		06257EBE28F585EA00A2AB0F /* list.c */ = {isa = PBXFileReference; fileEncoding = 4; lastKnownFileType = sourcecode.c.c; path = list.c; sourceTree = "<group>"; };
		06257EC028F586B200A2AB0F /* films3.h */ = {isa = PBXFileReference; lastKnownFileType = sourcecode.c.h; path = films3.h; sourceTree = "<group>"; };
		06257EC128F586B200A2AB0F /* films3.c */ = {isa = PBXFileReference; lastKnownFileType = sourcecode.c.c; path = films3.c; sourceTree = "<group>"; };
		06257EC628F5888400A2AB0F /* queue.c */ = {isa = PBXFileReference; fileEncoding = 4; lastKnownFileType = sourcecode.c.c; name = queue.c; path = ../../../../CPrimerPlus/Ch17/queue.c; sourceTree = "<group>"; };
		06257EC728F5888500A2AB0F /* queue.h */ = {isa = PBXFileReference; fileEncoding = 4; lastKnownFileType = sourcecode.c.h; name = queue.h; path = ../../../../CPrimerPlus/Ch17/queue.h; sourceTree = "<group>"; };
		06257EC928F5895C00A2AB0F /* use_q.h */ = {isa = PBXFileReference; lastKnownFileType = sourcecode.c.h; path = use_q.h; sourceTree = "<group>"; };
		06257ECA28F5895C00A2AB0F /* use_q.c */ = {isa = PBXFileReference; lastKnownFileType = sourcecode.c.c; path = use_q.c; sourceTree = "<group>"; };
		06257ECC28F58A1B00A2AB0F /* mall.h */ = {isa = PBXFileReference; lastKnownFileType = sourcecode.c.h; path = mall.h; sourceTree = "<group>"; };
		06257ECD28F58A1B00A2AB0F /* mall.c */ = {isa = PBXFileReference; lastKnownFileType = sourcecode.c.c; path = mall.c; sourceTree = "<group>"; };
		06257ED728F6943E00A2AB0F /* tree.h */ = {isa = PBXFileReference; fileEncoding = 4; lastKnownFileType = sourcecode.c.h; path = tree.h; sourceTree = "<group>"; };
		06257ED828F6943E00A2AB0F /* tree.c */ = {isa = PBXFileReference; fileEncoding = 4; lastKnownFileType = sourcecode.c.c; path = tree.c; sourceTree = "<group>"; };
/* End PBXFileReference section */

/* Begin PBXFrameworksBuildPhase section */
		06257EAA28F5827A00A2AB0F /* Frameworks */ = {
			isa = PBXFrameworksBuildPhase;
			buildActionMask = 2147483647;
			files = (
			);
			runOnlyForDeploymentPostprocessing = 0;
		};
/* End PBXFrameworksBuildPhase section */

/* Begin PBXGroup section */
		06257EA428F5827A00A2AB0F = {
			isa = PBXGroup;
			children = (
				06257EAF28F5827A00A2AB0F /* Chapter17 */,
				06257EAE28F5827A00A2AB0F /* Products */,
			);
			sourceTree = "<group>";
		};
		06257EAE28F5827A00A2AB0F /* Products */ = {
			isa = PBXGroup;
			children = (
				06257EAD28F5827A00A2AB0F /* Chapter17 */,
			);
			name = Products;
			sourceTree = "<group>";
		};
		06257EAF28F5827A00A2AB0F /* Chapter17 */ = {
			isa = PBXGroup;
			children = (
				06257EB028F5827A00A2AB0F /* main.c */,
				06257EB728F582DF00A2AB0F /* films1.h */,
				06257EB828F582DF00A2AB0F /* films1.c */,
				06257EBA28F583C200A2AB0F /* films2.h */,
				06257EBB28F583C300A2AB0F /* films2.c */,
				06257EBD28F585EA00A2AB0F /* list.h */,
				06257EBE28F585EA00A2AB0F /* list.c */,
				06257EC728F5888500A2AB0F /* queue.h */,
				06257EC628F5888400A2AB0F /* queue.c */,
				06257EC928F5895C00A2AB0F /* use_q.h */,
				06257ECA28F5895C00A2AB0F /* use_q.c */,
				06257ECC28F58A1B00A2AB0F /* mall.h */,
				06257ECD28F58A1B00A2AB0F /* mall.c */,
				06257EC028F586B200A2AB0F /* films3.h */,
				06257EC128F586B200A2AB0F /* films3.c */,
				06257ED828F6943E00A2AB0F /* tree.c */,
				06257ED728F6943E00A2AB0F /* tree.h */,
			);
			path = Chapter17;
			sourceTree = "<group>";
		};
/* End PBXGroup section */

/* Begin PBXNativeTarget section */
		06257EAC28F5827A00A2AB0F /* Chapter17 */ = {
			isa = PBXNativeTarget;
			buildConfigurationList = 06257EB428F5827A00A2AB0F /* Build configuration list for PBXNativeTarget "Chapter17" */;
			buildPhases = (
				06257EA928F5827A00A2AB0F /* Sources */,
				06257EAA28F5827A00A2AB0F /* Frameworks */,
				06257EAB28F5827A00A2AB0F /* CopyFiles */,
			);
			buildRules = (
			);
			dependencies = (
			);
			name = Chapter17;
			productName = Chapter17;
			productReference = 06257EAD28F5827A00A2AB0F /* Chapter17 */;
			productType = "com.apple.product-type.tool";
		};
/* End PBXNativeTarget section */

/* Begin PBXProject section */
		06257EA528F5827A00A2AB0F /* Project object */ = {
			isa = PBXProject;
			attributes = {
				BuildIndependentTargetsInParallel = 1;
				LastUpgradeCheck = 1340;
				TargetAttributes = {
					06257EAC28F5827A00A2AB0F = {
						CreatedOnToolsVersion = 13.4.1;
					};
				};
			};
			buildConfigurationList = 06257EA828F5827A00A2AB0F /* Build configuration list for PBXProject "Chapter17" */;
			compatibilityVersion = "Xcode 13.0";
			developmentRegion = en;
			hasScannedForEncodings = 0;
			knownRegions = (
				en,
				Base,
			);
			mainGroup = 06257EA428F5827A00A2AB0F;
			productRefGroup = 06257EAE28F5827A00A2AB0F /* Products */;
			projectDirPath = "";
			projectRoot = "";
			targets = (
				06257EAC28F5827A00A2AB0F /* Chapter17 */,
			);
		};
/* End PBXProject section */

/* Begin PBXSourcesBuildPhase section */
		06257EA928F5827A00A2AB0F /* Sources */ = {
			isa = PBXSourcesBuildPhase;
			buildActionMask = 2147483647;
			files = (
				06257EB128F5827A00A2AB0F /* main.c in Sources */,
				06257EBC28F583C300A2AB0F /* films2.c in Sources */,
				06257EB928F582DF00A2AB0F /* films1.c in Sources */,
				06257EC828F5888500A2AB0F /* queue.c in Sources */,
				06257ECB28F5895C00A2AB0F /* use_q.c in Sources */,
				06257ECE28F58A1C00A2AB0F /* mall.c in Sources */,
				06257ED928F6943E00A2AB0F /* tree.c in Sources */,
				06257EC228F586B200A2AB0F /* films3.c in Sources */,
				06257EBF28F585EA00A2AB0F /* list.c in Sources */,
			);
			runOnlyForDeploymentPostprocessing = 0;
		};
/* End PBXSourcesBuildPhase section */

/* Begin XCBuildConfiguration section */
		06257EB228F5827A00A2AB0F /* Debug */ = {
			isa = XCBuildConfiguration;
			buildSettings = {
				ALWAYS_SEARCH_USER_PATHS = NO;
				CLANG_ANALYZER_NONNULL = YES;
				CLANG_ANALYZER_NUMBER_OBJECT_CONVERSION = YES_AGGRESSIVE;
				CLANG_CXX_LANGUAGE_STANDARD = "gnu++17";
				CLANG_ENABLE_MODULES = YES;
				CLANG_ENABLE_OBJC_ARC = YES;
				CLANG_ENABLE_OBJC_WEAK = YES;
				CLANG_WARN_BLOCK_CAPTURE_AUTORELEASING = YES;
				CLANG_WARN_BOOL_CONVERSION = YES;
				CLANG_WARN_COMMA = YES;
				CLANG_WARN_CONSTANT_CONVERSION = YES;
				CLANG_WARN_DEPRECATED_OBJC_IMPLEMENTATIONS = YES;
				CLANG_WARN_DIRECT_OBJC_ISA_USAGE = YES_ERROR;
				CLANG_WARN_DOCUMENTATION_COMMENTS = YES;
				CLANG_WARN_EMPTY_BODY = YES;
				CLANG_WARN_ENUM_CONVERSION = YES;
				CLANG_WARN_INFINITE_RECURSION = YES;
				CLANG_WARN_INT_CONVERSION = YES;
				CLANG_WARN_NON_LITERAL_NULL_CONVERSION = YES;
				CLANG_WARN_OBJC_IMPLICIT_RETAIN_SELF = YES;
				CLANG_WARN_OBJC_LITERAL_CONVERSION = YES;
				CLANG_WARN_OBJC_ROOT_CLASS = YES_ERROR;
				CLANG_WARN_QUOTED_INCLUDE_IN_FRAMEWORK_HEADER = YES;
				CLANG_WARN_RANGE_LOOP_ANALYSIS = YES;
				CLANG_WARN_STRICT_PROTOTYPES = YES;
				CLANG_WARN_SUSPICIOUS_MOVE = YES;
				CLANG_WARN_UNGUARDED_AVAILABILITY = YES_AGGRESSIVE;
				CLANG_WARN_UNREACHABLE_CODE = YES;
				CLANG_WARN__DUPLICATE_METHOD_MATCH = YES;
				COPY_PHASE_STRIP = NO;
				DEBUG_INFORMATION_FORMAT = dwarf;
				ENABLE_STRICT_OBJC_MSGSEND = YES;
				ENABLE_TESTABILITY = YES;
				GCC_C_LANGUAGE_STANDARD = gnu11;
				GCC_DYNAMIC_NO_PIC = NO;
				GCC_NO_COMMON_BLOCKS = YES;
				GCC_OPTIMIZATION_LEVEL = 0;
				GCC_PREPROCESSOR_DEFINITIONS = (
					"DEBUG=1",
					"$(inherited)",
				);
				GCC_WARN_64_TO_32_BIT_CONVERSION = YES;
				GCC_WARN_ABOUT_RETURN_TYPE = YES_ERROR;
				GCC_WARN_UNDECLARED_SELECTOR = YES;
				GCC_WARN_UNINITIALIZED_AUTOS = YES_AGGRESSIVE;
				GCC_WARN_UNUSED_FUNCTION = YES;
				GCC_WARN_UNUSED_VARIABLE = YES;
				MACOSX_DEPLOYMENT_TARGET = 12.1;
				MTL_ENABLE_DEBUG_INFO = INCLUDE_SOURCE;
				MTL_FAST_MATH = YES;
				ONLY_ACTIVE_ARCH = YES;
				SDKROOT = macosx;
			};
			name = Debug;
		};
		06257EB328F5827A00A2AB0F /* Release */ = {
			isa = XCBuildConfiguration;
			buildSettings = {
				ALWAYS_SEARCH_USER_PATHS = NO;
				CLANG_ANALYZER_NONNULL = YES;
				CLANG_ANALYZER_NUMBER_OBJECT_CONVERSION = YES_AGGRESSIVE;
				CLANG_CXX_LANGUAGE_STANDARD = "gnu++17";
				CLANG_ENABLE_MODULES = YES;
				CLANG_ENABLE_OBJC_ARC = YES;
				CLANG_ENABLE_OBJC_WEAK = YES;
				CLANG_WARN_BLOCK_CAPTURE_AUTORELEASING = YES;
				CLANG_WARN_BOOL_CONVERSION = YES;
				CLANG_WARN_COMMA = YES;
				CLANG_WARN_CONSTANT_CONVERSION = YES;
				CLANG_WARN_DEPRECATED_OBJC_IMPLEMENTATIONS = YES;
				CLANG_WARN_DIRECT_OBJC_ISA_USAGE = YES_ERROR;
				CLANG_WARN_DOCUMENTATION_COMMENTS = YES;
				CLANG_WARN_EMPTY_BODY = YES;
				CLANG_WARN_ENUM_CONVERSION = YES;
				CLANG_WARN_INFINITE_RECURSION = YES;
				CLANG_WARN_INT_CONVERSION = YES;
				CLANG_WARN_NON_LITERAL_NULL_CONVERSION = YES;
				CLANG_WARN_OBJC_IMPLICIT_RETAIN_SELF = YES;
				CLANG_WARN_OBJC_LITERAL_CONVERSION = YES;
				CLANG_WARN_OBJC_ROOT_CLASS = YES_ERROR;
				CLANG_WARN_QUOTED_INCLUDE_IN_FRAMEWORK_HEADER = YES;
				CLANG_WARN_RANGE_LOOP_ANALYSIS = YES;
				CLANG_WARN_STRICT_PROTOTYPES = YES;
				CLANG_WARN_SUSPICIOUS_MOVE = YES;
				CLANG_WARN_UNGUARDED_AVAILABILITY = YES_AGGRESSIVE;
				CLANG_WARN_UNREACHABLE_CODE = YES;
				CLANG_WARN__DUPLICATE_METHOD_MATCH = YES;
				COPY_PHASE_STRIP = NO;
				DEBUG_INFORMATION_FORMAT = "dwarf-with-dsym";
				ENABLE_NS_ASSERTIONS = NO;
				ENABLE_STRICT_OBJC_MSGSEND = YES;
				GCC_C_LANGUAGE_STANDARD = gnu11;
				GCC_NO_COMMON_BLOCKS = YES;
				GCC_WARN_64_TO_32_BIT_CONVERSION = YES;
				GCC_WARN_ABOUT_RETURN_TYPE = YES_ERROR;
				GCC_WARN_UNDECLARED_SELECTOR = YES;
				GCC_WARN_UNINITIALIZED_AUTOS = YES_AGGRESSIVE;
				GCC_WARN_UNUSED_FUNCTION = YES;
				GCC_WARN_UNUSED_VARIABLE = YES;
				MACOSX_DEPLOYMENT_TARGET = 12.1;
				MTL_ENABLE_DEBUG_INFO = NO;
				MTL_FAST_MATH = YES;
				SDKROOT = macosx;
			};
			name = Release;
		};
		06257EB528F5827A00A2AB0F /* Debug */ = {
			isa = XCBuildConfiguration;
			buildSettings = {
				CODE_SIGN_STYLE = Automatic;
				PRODUCT_NAME = "$(TARGET_NAME)";
			};
			name = Debug;
		};
		06257EB628F5827A00A2AB0F /* Release */ = {
			isa = XCBuildConfiguration;
			buildSettings = {
				CODE_SIGN_STYLE = Automatic;
				PRODUCT_NAME = "$(TARGET_NAME)";
			};
			name = Release;
		};
/* End XCBuildConfiguration section */

/* Begin XCConfigurationList section */
		06257EA828F5827A00A2AB0F /* Build configuration list for PBXProject "Chapter17" */ = {
			isa = XCConfigurationList;
			buildConfigurations = (
				06257EB228F5827A00A2AB0F /* Debug */,
				06257EB328F5827A00A2AB0F /* Release */,
			);
			defaultConfigurationIsVisible = 0;
			defaultConfigurationName = Release;
		};
		06257EB428F5827A00A2AB0F /* Build configuration list for PBXNativeTarget "Chapter17" */ = {
			isa = XCConfigurationList;
			buildConfigurations = (
				06257EB528F5827A00A2AB0F /* Debug */,
				06257EB628F5827A00A2AB0F /* Release */,
			);
			defaultConfigurationIsVisible = 0;
			defaultConfigurationName = Release;
		};
/* End XCConfigurationList section */
	};
	rootObject = 06257EA528F5827A00A2AB0F /* Project object */;
}
