// !$*UTF8*$!
{
	archiveVersion = 1;
	classes = {
	};
	objectVersion = 55;
	objects = {

/* Begin PBXBuildFile section */
		06257E4A28F51ADA00A2AB0F /* main.c in Sources */ = {isa = PBXBuildFile; fileRef = 06257E4928F51ADA00A2AB0F /* main.c */; };
		06257E5228F51AE800A2AB0F /* binbit.c in Sources */ = {isa = PBXBuildFile; fileRef = 06257E5128F51AE800A2AB0F /* binbit.c */; };
		06257E5528F53D2A00A2AB0F /* fields.c in Sources */ = {isa = PBXBuildFile; fileRef = 06257E5428F53D2A00A2AB0F /* fields.c */; };
		06257E5828F5402600A2AB0F /* dualview.c in Sources */ = {isa = PBXBuildFile; fileRef = 06257E5728F5402600A2AB0F /* dualview.c */; };
		06257E5B28F5455B00A2AB0F /* align.c in Sources */ = {isa = PBXBuildFile; fileRef = 06257E5A28F5455B00A2AB0F /* align.c */; };
/* End PBXBuildFile section */

/* Begin PBXCopyFilesBuildPhase section */
		06257E4428F51ADA00A2AB0F /* CopyFiles */ = {
			isa = PBXCopyFilesBuildPhase;
			buildActionMask = 2147483647;
			dstPath = /usr/share/man/man1/;
			dstSubfolderSpec = 0;
			files = (
			);
			runOnlyForDeploymentPostprocessing = 1;
		};
/* End PBXCopyFilesBuildPhase section */

/* Begin PBXFileReference section */
		06257E4628F51ADA00A2AB0F /* Chapter15 */ = {isa = PBXFileReference; explicitFileType = "compiled.mach-o.executable"; includeInIndex = 0; path = Chapter15; sourceTree = BUILT_PRODUCTS_DIR; };
		06257E4928F51ADA00A2AB0F /* main.c */ = {isa = PBXFileReference; lastKnownFileType = sourcecode.c.c; path = main.c; sourceTree = "<group>"; };
		06257E5028F51AE800A2AB0F /* binbit.h */ = {isa = PBXFileReference; lastKnownFileType = sourcecode.c.h; path = binbit.h; sourceTree = "<group>"; };
		06257E5128F51AE800A2AB0F /* binbit.c */ = {isa = PBXFileReference; lastKnownFileType = sourcecode.c.c; path = binbit.c; sourceTree = "<group>"; };
		06257E5328F53D2A00A2AB0F /* fields.h */ = {isa = PBXFileReference; lastKnownFileType = sourcecode.c.h; path = fields.h; sourceTree = "<group>"; };
		06257E5428F53D2A00A2AB0F /* fields.c */ = {isa = PBXFileReference; lastKnownFileType = sourcecode.c.c; path = fields.c; sourceTree = "<group>"; };
		06257E5628F5402600A2AB0F /* dualview.h */ = {isa = PBXFileReference; lastKnownFileType = sourcecode.c.h; path = dualview.h; sourceTree = "<group>"; };
		06257E5728F5402600A2AB0F /* dualview.c */ = {isa = PBXFileReference; lastKnownFileType = sourcecode.c.c; path = dualview.c; sourceTree = "<group>"; };
		06257E5928F5455B00A2AB0F /* align.h */ = {isa = PBXFileReference; lastKnownFileType = sourcecode.c.h; path = align.h; sourceTree = "<group>"; };
		06257E5A28F5455B00A2AB0F /* align.c */ = {isa = PBXFileReference; lastKnownFileType = sourcecode.c.c; path = align.c; sourceTree = "<group>"; };
/* End PBXFileReference section */

/* Begin PBXFrameworksBuildPhase section */
		06257E4328F51ADA00A2AB0F /* Frameworks */ = {
			isa = PBXFrameworksBuildPhase;
			buildActionMask = 2147483647;
			files = (
			);
			runOnlyForDeploymentPostprocessing = 0;
		};
/* End PBXFrameworksBuildPhase section */

/* Begin PBXGroup section */
		06257E3D28F51ADA00A2AB0F = {
			isa = PBXGroup;
			children = (
				06257E4828F51ADA00A2AB0F /* Chapter15 */,
				06257E4728F51ADA00A2AB0F /* Products */,
			);
			sourceTree = "<group>";
		};
		06257E4728F51ADA00A2AB0F /* Products */ = {
			isa = PBXGroup;
			children = (
				06257E4628F51ADA00A2AB0F /* Chapter15 */,
			);
			name = Products;
			sourceTree = "<group>";
		};
		06257E4828F51ADA00A2AB0F /* Chapter15 */ = {
			isa = PBXGroup;
			children = (
				06257E4928F51ADA00A2AB0F /* main.c */,
				06257E5028F51AE800A2AB0F /* binbit.h */,
				06257E5128F51AE800A2AB0F /* binbit.c */,
				06257E5328F53D2A00A2AB0F /* fields.h */,
				06257E5428F53D2A00A2AB0F /* fields.c */,
				06257E5628F5402600A2AB0F /* dualview.h */,
				06257E5728F5402600A2AB0F /* dualview.c */,
				06257E5928F5455B00A2AB0F /* align.h */,
				06257E5A28F5455B00A2AB0F /* align.c */,
			);
			path = Chapter15;
			sourceTree = "<group>";
		};
/* End PBXGroup section */

/* Begin PBXNativeTarget section */
		06257E4528F51ADA00A2AB0F /* Chapter15 */ = {
			isa = PBXNativeTarget;
			buildConfigurationList = 06257E4D28F51ADA00A2AB0F /* Build configuration list for PBXNativeTarget "Chapter15" */;
			buildPhases = (
				06257E4228F51ADA00A2AB0F /* Sources */,
				06257E4328F51ADA00A2AB0F /* Frameworks */,
				06257E4428F51ADA00A2AB0F /* CopyFiles */,
			);
			buildRules = (
			);
			dependencies = (
			);
			name = Chapter15;
			productName = Chapter15;
			productReference = 06257E4628F51ADA00A2AB0F /* Chapter15 */;
			productType = "com.apple.product-type.tool";
		};
/* End PBXNativeTarget section */

/* Begin PBXProject section */
		06257E3E28F51ADA00A2AB0F /* Project object */ = {
			isa = PBXProject;
			attributes = {
				BuildIndependentTargetsInParallel = 1;
				LastUpgradeCheck = 1340;
				TargetAttributes = {
					06257E4528F51ADA00A2AB0F = {
						CreatedOnToolsVersion = 13.4.1;
					};
				};
			};
			buildConfigurationList = 06257E4128F51ADA00A2AB0F /* Build configuration list for PBXProject "Chapter15" */;
			compatibilityVersion = "Xcode 13.0";
			developmentRegion = en;
			hasScannedForEncodings = 0;
			knownRegions = (
				en,
				Base,
			);
			mainGroup = 06257E3D28F51ADA00A2AB0F;
			productRefGroup = 06257E4728F51ADA00A2AB0F /* Products */;
			projectDirPath = "";
			projectRoot = "";
			targets = (
				06257E4528F51ADA00A2AB0F /* Chapter15 */,
			);
		};
/* End PBXProject section */

/* Begin PBXSourcesBuildPhase section */
		06257E4228F51ADA00A2AB0F /* Sources */ = {
			isa = PBXSourcesBuildPhase;
			buildActionMask = 2147483647;
			files = (
				06257E5828F5402600A2AB0F /* dualview.c in Sources */,
				06257E5B28F5455B00A2AB0F /* align.c in Sources */,
				06257E4A28F51ADA00A2AB0F /* main.c in Sources */,
				06257E5228F51AE800A2AB0F /* binbit.c in Sources */,
				06257E5528F53D2A00A2AB0F /* fields.c in Sources */,
			);
			runOnlyForDeploymentPostprocessing = 0;
		};
/* End PBXSourcesBuildPhase section */

/* Begin XCBuildConfiguration section */
		06257E4B28F51ADA00A2AB0F /* Debug */ = {
			isa = XCBuildConfiguration;
			buildSettings = {
				ALWAYS_SEARCH_USER_PATHS = NO;
				CLANG_ANALYZER_NONNULL = YES;
				CLANG_ANALYZER_NUMBER_OBJECT_CONVERSION = YES_AGGRESSIVE;
				CLANG_CXX_LANGUAGE_STANDARD = "gnu++17";
				CLANG_ENABLE_MODULES = YES;
				CLANG_ENABLE_OBJC_ARC = YES;
				CLANG_ENABLE_OBJC_WEAK = YES;
				CLANG_WARN_BLOCK_CAPTURE_AUTORELEASING = YES;
				CLANG_WARN_BOOL_CONVERSION = YES;
				CLANG_WARN_COMMA = YES;
				CLANG_WARN_CONSTANT_CONVERSION = YES;
				CLANG_WARN_DEPRECATED_OBJC_IMPLEMENTATIONS = YES;
				CLANG_WARN_DIRECT_OBJC_ISA_USAGE = YES_ERROR;
				CLANG_WARN_DOCUMENTATION_COMMENTS = YES;
				CLANG_WARN_EMPTY_BODY = YES;
				CLANG_WARN_ENUM_CONVERSION = YES;
				CLANG_WARN_INFINITE_RECURSION = YES;
				CLANG_WARN_INT_CONVERSION = YES;
				CLANG_WARN_NON_LITERAL_NULL_CONVERSION = YES;
				CLANG_WARN_OBJC_IMPLICIT_RETAIN_SELF = YES;
				CLANG_WARN_OBJC_LITERAL_CONVERSION = YES;
				CLANG_WARN_OBJC_ROOT_CLASS = YES_ERROR;
				CLANG_WARN_QUOTED_INCLUDE_IN_FRAMEWORK_HEADER = YES;
				CLANG_WARN_RANGE_LOOP_ANALYSIS = YES;
				CLANG_WARN_STRICT_PROTOTYPES = YES;
				CLANG_WARN_SUSPICIOUS_MOVE = YES;
				CLANG_WARN_UNGUARDED_AVAILABILITY = YES_AGGRESSIVE;
				CLANG_WARN_UNREACHABLE_CODE = YES;
				CLANG_WARN__DUPLICATE_METHOD_MATCH = YES;
				COPY_PHASE_STRIP = NO;
				DEBUG_INFORMATION_FORMAT = dwarf;
				ENABLE_STRICT_OBJC_MSGSEND = YES;
				ENABLE_TESTABILITY = YES;
				GCC_C_LANGUAGE_STANDARD = gnu11;
				GCC_DYNAMIC_NO_PIC = NO;
				GCC_NO_COMMON_BLOCKS = YES;
				GCC_OPTIMIZATION_LEVEL = 0;
				GCC_PREPROCESSOR_DEFINITIONS = (
					"DEBUG=1",
					"$(inherited)",
				);
				GCC_WARN_64_TO_32_BIT_CONVERSION = YES;
				GCC_WARN_ABOUT_RETURN_TYPE = YES_ERROR;
				GCC_WARN_UNDECLARED_SELECTOR = YES;
				GCC_WARN_UNINITIALIZED_AUTOS = YES_AGGRESSIVE;
				GCC_WARN_UNUSED_FUNCTION = YES;
				GCC_WARN_UNUSED_VARIABLE = YES;
				MACOSX_DEPLOYMENT_TARGET = 12.1;
				MTL_ENABLE_DEBUG_INFO = INCLUDE_SOURCE;
				MTL_FAST_MATH = YES;
				ONLY_ACTIVE_ARCH = YES;
				SDKROOT = macosx;
			};
			name = Debug;
		};
		06257E4C28F51ADA00A2AB0F /* Release */ = {
			isa = XCBuildConfiguration;
			buildSettings = {
				ALWAYS_SEARCH_USER_PATHS = NO;
				CLANG_ANALYZER_NONNULL = YES;
				CLANG_ANALYZER_NUMBER_OBJECT_CONVERSION = YES_AGGRESSIVE;
				CLANG_CXX_LANGUAGE_STANDARD = "gnu++17";
				CLANG_ENABLE_MODULES = YES;
				CLANG_ENABLE_OBJC_ARC = YES;
				CLANG_ENABLE_OBJC_WEAK = YES;
				CLANG_WARN_BLOCK_CAPTURE_AUTORELEASING = YES;
				CLANG_WARN_BOOL_CONVERSION = YES;
				CLANG_WARN_COMMA = YES;
				CLANG_WARN_CONSTANT_CONVERSION = YES;
				CLANG_WARN_DEPRECATED_OBJC_IMPLEMENTATIONS = YES;
				CLANG_WARN_DIRECT_OBJC_ISA_USAGE = YES_ERROR;
				CLANG_WARN_DOCUMENTATION_COMMENTS = YES;
				CLANG_WARN_EMPTY_BODY = YES;
				CLANG_WARN_ENUM_CONVERSION = YES;
				CLANG_WARN_INFINITE_RECURSION = YES;
				CLANG_WARN_INT_CONVERSION = YES;
				CLANG_WARN_NON_LITERAL_NULL_CONVERSION = YES;
				CLANG_WARN_OBJC_IMPLICIT_RETAIN_SELF = YES;
				CLANG_WARN_OBJC_LITERAL_CONVERSION = YES;
				CLANG_WARN_OBJC_ROOT_CLASS = YES_ERROR;
				CLANG_WARN_QUOTED_INCLUDE_IN_FRAMEWORK_HEADER = YES;
				CLANG_WARN_RANGE_LOOP_ANALYSIS = YES;
				CLANG_WARN_STRICT_PROTOTYPES = YES;
				CLANG_WARN_SUSPICIOUS_MOVE = YES;
				CLANG_WARN_UNGUARDED_AVAILABILITY = YES_AGGRESSIVE;
				CLANG_WARN_UNREACHABLE_CODE = YES;
				CLANG_WARN__DUPLICATE_METHOD_MATCH = YES;
				COPY_PHASE_STRIP = NO;
				DEBUG_INFORMATION_FORMAT = "dwarf-with-dsym";
				ENABLE_NS_ASSERTIONS = NO;
				ENABLE_STRICT_OBJC_MSGSEND = YES;
				GCC_C_LANGUAGE_STANDARD = gnu11;
				GCC_NO_COMMON_BLOCKS = YES;
				GCC_WARN_64_TO_32_BIT_CONVERSION = YES;
				GCC_WARN_ABOUT_RETURN_TYPE = YES_ERROR;
				GCC_WARN_UNDECLARED_SELECTOR = YES;
				GCC_WARN_UNINITIALIZED_AUTOS = YES_AGGRESSIVE;
				GCC_WARN_UNUSED_FUNCTION = YES;
				GCC_WARN_UNUSED_VARIABLE = YES;
				MACOSX_DEPLOYMENT_TARGET = 12.1;
				MTL_ENABLE_DEBUG_INFO = NO;
				MTL_FAST_MATH = YES;
				SDKROOT = macosx;
			};
			name = Release;
		};
		06257E4E28F51ADA00A2AB0F /* Debug */ = {
			isa = XCBuildConfiguration;
			buildSettings = {
				CODE_SIGN_STYLE = Automatic;
				PRODUCT_NAME = "$(TARGET_NAME)";
			};
			name = Debug;
		};
		06257E4F28F51ADA00A2AB0F /* Release */ = {
			isa = XCBuildConfiguration;
			buildSettings = {
				CODE_SIGN_STYLE = Automatic;
				PRODUCT_NAME = "$(TARGET_NAME)";
			};
			name = Release;
		};
/* End XCBuildConfiguration section */

/* Begin XCConfigurationList section */
		06257E4128F51ADA00A2AB0F /* Build configuration list for PBXProject "Chapter15" */ = {
			isa = XCConfigurationList;
			buildConfigurations = (
				06257E4B28F51ADA00A2AB0F /* Debug */,
				06257E4C28F51ADA00A2AB0F /* Release */,
			);
			defaultConfigurationIsVisible = 0;
			defaultConfigurationName = Release;
		};
		06257E4D28F51ADA00A2AB0F /* Build configuration list for PBXNativeTarget "Chapter15" */ = {
			isa = XCConfigurationList;
			buildConfigurations = (
				06257E4E28F51ADA00A2AB0F /* Debug */,
				06257E4F28F51ADA00A2AB0F /* Release */,
			);
			defaultConfigurationIsVisible = 0;
			defaultConfigurationName = Release;
		};
/* End XCConfigurationList section */
	};
	rootObject = 06257E3E28F51ADA00A2AB0F /* Project object */;
}
